// !$*UTF8*$!
{
	archiveVersion = 1;
	classes = {
	};
	objectVersion = 56;
	objects = {

/* Begin PBXBuildFile section */
		581797502C12552F0077491B /* OrientationManager.swift in Sources */ = {isa = PBXBuildFile; fileRef = 5817974F2C12552F0077491B /* OrientationManager.swift */; };
		581CFBB82C11714900CE1540 /* SettingsView.swift in Sources */ = {isa = PBXBuildFile; fileRef = 581CFBB72C11714900CE1540 /* SettingsView.swift */; };
		58230FC22C61F60D005BB934 /* PlainLaTeXStyle.swift in Sources */ = {isa = PBXBuildFile; fileRef = 58230FC12C61F60D005BB934 /* PlainLaTeXStyle.swift */; };
		58230FC42C62EB56005BB934 /* String.swift in Sources */ = {isa = PBXBuildFile; fileRef = 58230FC32C62EB56005BB934 /* String.swift */; };
		585906142B0DB8FF0051F3FC /* Slide_RuleApp.swift in Sources */ = {isa = PBXBuildFile; fileRef = 585906132B0DB8FF0051F3FC /* Slide_RuleApp.swift */; };
		585906162B0DB8FF0051F3FC /* ContentView.swift in Sources */ = {isa = PBXBuildFile; fileRef = 585906152B0DB8FF0051F3FC /* ContentView.swift */; };
		585906182B0DB9020051F3FC /* Assets.xcassets in Resources */ = {isa = PBXBuildFile; fileRef = 585906172B0DB9020051F3FC /* Assets.xcassets */; };
		5859061B2B0DB9020051F3FC /* Preview Assets.xcassets in Resources */ = {isa = PBXBuildFile; fileRef = 5859061A2B0DB9020051F3FC /* Preview Assets.xcassets */; };
		585906252B0DB9030051F3FC /* Slide_RuleTests.swift in Sources */ = {isa = PBXBuildFile; fileRef = 585906242B0DB9030051F3FC /* Slide_RuleTests.swift */; };
		5859062F2B0DB9030051F3FC /* Slide_RuleUITests.swift in Sources */ = {isa = PBXBuildFile; fileRef = 5859062E2B0DB9030051F3FC /* Slide_RuleUITests.swift */; };
		585906312B0DB9030051F3FC /* Slide_RuleUITestsLaunchTests.swift in Sources */ = {isa = PBXBuildFile; fileRef = 585906302B0DB9030051F3FC /* Slide_RuleUITestsLaunchTests.swift */; };
		588DFE8F2C16694600576254 /* View.swift in Sources */ = {isa = PBXBuildFile; fileRef = 588DFE8E2C16694600576254 /* View.swift */; };
		589431AA2BA401B9004F813B /* SwiftMath in Frameworks */ = {isa = PBXBuildFile; productRef = 589431A92BA401B9004F813B /* SwiftMath */; };
		589742312BE7527E00ADC916 /* TutorialRulerView.swift in Sources */ = {isa = PBXBuildFile; fileRef = 589742302BE7527E00ADC916 /* TutorialRulerView.swift */; };
		589742332BE7543E00ADC916 /* TutorialGestureView.swift in Sources */ = {isa = PBXBuildFile; fileRef = 589742322BE7543E00ADC916 /* TutorialGestureView.swift */; };
		589BC8722B0F0A3F0065B527 /* Color.swift in Sources */ = {isa = PBXBuildFile; fileRef = 589BC8712B0F0A3F0065B527 /* Color.swift */; };
		589BC8742B0F12FE0065B527 /* HelpMenuView.swift in Sources */ = {isa = PBXBuildFile; fileRef = 589BC8732B0F12FE0065B527 /* HelpMenuView.swift */; };
		589BC8782B0F150A0065B527 /* JSON Manager.swift in Sources */ = {isa = PBXBuildFile; fileRef = 589BC8772B0F150A0065B527 /* JSON Manager.swift */; };
		589BC87B2B0F180D0065B527 /* SlideRuleInstructions.json in Resources */ = {isa = PBXBuildFile; fileRef = 589BC87A2B0F180D0065B527 /* SlideRuleInstructions.json */; };
		58A36A982BF3058300439007 /* RulerScaleDefinitions.swift in Sources */ = {isa = PBXBuildFile; fileRef = 58A36A972BF3058300439007 /* RulerScaleDefinitions.swift */; };
		58A680162C768EFD00A0E055 /* SlideMarkingView.swift in Sources */ = {isa = PBXBuildFile; fileRef = 58A680152C768EFD00A0E055 /* SlideMarkingView.swift */; };
		58A680182C768FA300A0E055 /* RulerView.swift in Sources */ = {isa = PBXBuildFile; fileRef = 58A680172C768FA300A0E055 /* RulerView.swift */; };
		58A6801A2C7690DC00A0E055 /* CursorView.swift in Sources */ = {isa = PBXBuildFile; fileRef = 58A680192C7690DC00A0E055 /* CursorView.swift */; };
		58A6801C2C7691BB00A0E055 /* SlideView.swift in Sources */ = {isa = PBXBuildFile; fileRef = 58A6801B2C7691BB00A0E055 /* SlideView.swift */; };
		58A6801E2C7691F500A0E055 /* Frame.swift in Sources */ = {isa = PBXBuildFile; fileRef = 58A6801D2C7691F500A0E055 /* Frame.swift */; };
		58A680242C76954000A0E055 /* Launch Screen.storyboard in Resources */ = {isa = PBXBuildFile; fileRef = 58A680232C76954000A0E055 /* Launch Screen.storyboard */; };
		58A680262C769D8F00A0E055 /* GuidesTipView.swift in Sources */ = {isa = PBXBuildFile; fileRef = 58A680252C769D8F00A0E055 /* GuidesTipView.swift */; };
		58A7426E2B9FE9EF00A9DA3F /* LaTeXSwiftUI in Frameworks */ = {isa = PBXBuildFile; productRef = 58A7426D2B9FE9EF00A9DA3F /* LaTeXSwiftUI */; };
		58C175062B43B5DC008F0097 /* SlideRuleView.swift in Sources */ = {isa = PBXBuildFile; fileRef = 58C175052B43B5DC008F0097 /* SlideRuleView.swift */; };
/* End PBXBuildFile section */

/* Begin PBXContainerItemProxy section */
		585906212B0DB9030051F3FC /* PBXContainerItemProxy */ = {
			isa = PBXContainerItemProxy;
			containerPortal = 585906082B0DB8FF0051F3FC /* Project object */;
			proxyType = 1;
			remoteGlobalIDString = 5859060F2B0DB8FF0051F3FC;
			remoteInfo = "Slide Rule";
		};
		5859062B2B0DB9030051F3FC /* PBXContainerItemProxy */ = {
			isa = PBXContainerItemProxy;
			containerPortal = 585906082B0DB8FF0051F3FC /* Project object */;
			proxyType = 1;
			remoteGlobalIDString = 5859060F2B0DB8FF0051F3FC;
			remoteInfo = "Slide Rule";
		};
/* End PBXContainerItemProxy section */

/* Begin PBXFileReference section */
		5817974F2C12552F0077491B /* OrientationManager.swift */ = {isa = PBXFileReference; lastKnownFileType = sourcecode.swift; path = OrientationManager.swift; sourceTree = "<group>"; };
		581CFBB72C11714900CE1540 /* SettingsView.swift */ = {isa = PBXFileReference; lastKnownFileType = sourcecode.swift; path = SettingsView.swift; sourceTree = "<group>"; };
		58230FC12C61F60D005BB934 /* PlainLaTeXStyle.swift */ = {isa = PBXFileReference; fileEncoding = 4; lastKnownFileType = sourcecode.swift; path = PlainLaTeXStyle.swift; sourceTree = "<group>"; };
		58230FC32C62EB56005BB934 /* String.swift */ = {isa = PBXFileReference; lastKnownFileType = sourcecode.swift; path = String.swift; sourceTree = "<group>"; };
		585906102B0DB8FF0051F3FC /* Slide Rule.app */ = {isa = PBXFileReference; explicitFileType = wrapper.application; includeInIndex = 0; path = "Slide Rule.app"; sourceTree = BUILT_PRODUCTS_DIR; };
		585906132B0DB8FF0051F3FC /* Slide_RuleApp.swift */ = {isa = PBXFileReference; lastKnownFileType = sourcecode.swift; path = Slide_RuleApp.swift; sourceTree = "<group>"; };
		585906152B0DB8FF0051F3FC /* ContentView.swift */ = {isa = PBXFileReference; lastKnownFileType = sourcecode.swift; path = ContentView.swift; sourceTree = "<group>"; };
		585906172B0DB9020051F3FC /* Assets.xcassets */ = {isa = PBXFileReference; lastKnownFileType = folder.assetcatalog; path = Assets.xcassets; sourceTree = "<group>"; };
		5859061A2B0DB9020051F3FC /* Preview Assets.xcassets */ = {isa = PBXFileReference; lastKnownFileType = folder.assetcatalog; path = "Preview Assets.xcassets"; sourceTree = "<group>"; };
		585906202B0DB9030051F3FC /* Slide RuleTests.xctest */ = {isa = PBXFileReference; explicitFileType = wrapper.cfbundle; includeInIndex = 0; path = "Slide RuleTests.xctest"; sourceTree = BUILT_PRODUCTS_DIR; };
		585906242B0DB9030051F3FC /* Slide_RuleTests.swift */ = {isa = PBXFileReference; lastKnownFileType = sourcecode.swift; path = Slide_RuleTests.swift; sourceTree = "<group>"; };
		5859062A2B0DB9030051F3FC /* Slide RuleUITests.xctest */ = {isa = PBXFileReference; explicitFileType = wrapper.cfbundle; includeInIndex = 0; path = "Slide RuleUITests.xctest"; sourceTree = BUILT_PRODUCTS_DIR; };
		5859062E2B0DB9030051F3FC /* Slide_RuleUITests.swift */ = {isa = PBXFileReference; lastKnownFileType = sourcecode.swift; path = Slide_RuleUITests.swift; sourceTree = "<group>"; };
		585906302B0DB9030051F3FC /* Slide_RuleUITestsLaunchTests.swift */ = {isa = PBXFileReference; lastKnownFileType = sourcecode.swift; path = Slide_RuleUITestsLaunchTests.swift; sourceTree = "<group>"; };
		588DFE8E2C16694600576254 /* View.swift */ = {isa = PBXFileReference; lastKnownFileType = sourcecode.swift; path = View.swift; sourceTree = "<group>"; };
		589742302BE7527E00ADC916 /* TutorialRulerView.swift */ = {isa = PBXFileReference; lastKnownFileType = sourcecode.swift; path = TutorialRulerView.swift; sourceTree = "<group>"; };
		589742322BE7543E00ADC916 /* TutorialGestureView.swift */ = {isa = PBXFileReference; lastKnownFileType = sourcecode.swift; path = TutorialGestureView.swift; sourceTree = "<group>"; };
		589BC8712B0F0A3F0065B527 /* Color.swift */ = {isa = PBXFileReference; lastKnownFileType = sourcecode.swift; path = Color.swift; sourceTree = "<group>"; };
		589BC8732B0F12FE0065B527 /* HelpMenuView.swift */ = {isa = PBXFileReference; lastKnownFileType = sourcecode.swift; path = HelpMenuView.swift; sourceTree = "<group>"; };
		589BC8772B0F150A0065B527 /* JSON Manager.swift */ = {isa = PBXFileReference; lastKnownFileType = sourcecode.swift; path = "JSON Manager.swift"; sourceTree = "<group>"; };
		589BC87A2B0F180D0065B527 /* SlideRuleInstructions.json */ = {isa = PBXFileReference; lastKnownFileType = text.json; path = SlideRuleInstructions.json; sourceTree = "<group>"; };
		58A36A972BF3058300439007 /* RulerScaleDefinitions.swift */ = {isa = PBXFileReference; lastKnownFileType = sourcecode.swift; path = RulerScaleDefinitions.swift; sourceTree = "<group>"; };
		58A680152C768EFD00A0E055 /* SlideMarkingView.swift */ = {isa = PBXFileReference; lastKnownFileType = sourcecode.swift; path = SlideMarkingView.swift; sourceTree = "<group>"; };
		58A680172C768FA300A0E055 /* RulerView.swift */ = {isa = PBXFileReference; lastKnownFileType = sourcecode.swift; path = RulerView.swift; sourceTree = "<group>"; };
		58A680192C7690DC00A0E055 /* CursorView.swift */ = {isa = PBXFileReference; lastKnownFileType = sourcecode.swift; path = CursorView.swift; sourceTree = "<group>"; };
		58A6801B2C7691BB00A0E055 /* SlideView.swift */ = {isa = PBXFileReference; lastKnownFileType = sourcecode.swift; path = SlideView.swift; sourceTree = "<group>"; };
		58A6801D2C7691F500A0E055 /* Frame.swift */ = {isa = PBXFileReference; lastKnownFileType = sourcecode.swift; path = Frame.swift; sourceTree = "<group>"; };
		58A680232C76954000A0E055 /* Launch Screen.storyboard */ = {isa = PBXFileReference; lastKnownFileType = file.storyboard; path = "Launch Screen.storyboard"; sourceTree = "<group>"; };
		58A680252C769D8F00A0E055 /* GuidesTipView.swift */ = {isa = PBXFileReference; lastKnownFileType = sourcecode.swift; path = GuidesTipView.swift; sourceTree = "<group>"; };
		58C175052B43B5DC008F0097 /* SlideRuleView.swift */ = {isa = PBXFileReference; lastKnownFileType = sourcecode.swift; path = SlideRuleView.swift; sourceTree = "<group>"; usesTabs = 0; };
/* End PBXFileReference section */

/* Begin PBXFrameworksBuildPhase section */
		5859060D2B0DB8FF0051F3FC /* Frameworks */ = {
			isa = PBXFrameworksBuildPhase;
			buildActionMask = 2147483647;
			files = (
				589431AA2BA401B9004F813B /* SwiftMath in Frameworks */,
				58A7426E2B9FE9EF00A9DA3F /* LaTeXSwiftUI in Frameworks */,
			);
			runOnlyForDeploymentPostprocessing = 0;
		};
		5859061D2B0DB9030051F3FC /* Frameworks */ = {
			isa = PBXFrameworksBuildPhase;
			buildActionMask = 2147483647;
			files = (
			);
			runOnlyForDeploymentPostprocessing = 0;
		};
		585906272B0DB9030051F3FC /* Frameworks */ = {
			isa = PBXFrameworksBuildPhase;
			buildActionMask = 2147483647;
			files = (
			);
			runOnlyForDeploymentPostprocessing = 0;
		};
/* End PBXFrameworksBuildPhase section */

/* Begin PBXGroup section */
		585906072B0DB8FF0051F3FC = {
			isa = PBXGroup;
			children = (
				585906122B0DB8FF0051F3FC /* Slide Rule */,
				585906232B0DB9030051F3FC /* Slide RuleTests */,
				5859062D2B0DB9030051F3FC /* Slide RuleUITests */,
				585906112B0DB8FF0051F3FC /* Products */,
			);
			sourceTree = "<group>";
		};
		585906112B0DB8FF0051F3FC /* Products */ = {
			isa = PBXGroup;
			children = (
				585906102B0DB8FF0051F3FC /* Slide Rule.app */,
				585906202B0DB9030051F3FC /* Slide RuleTests.xctest */,
				5859062A2B0DB9030051F3FC /* Slide RuleUITests.xctest */,
			);
			name = Products;
			sourceTree = "<group>";
		};
		585906122B0DB8FF0051F3FC /* Slide Rule */ = {
			isa = PBXGroup;
			children = (
				589BC8702B0F0A200065B527 /* Extentions */,
				585906132B0DB8FF0051F3FC /* Slide_RuleApp.swift */,
				589BC8772B0F150A0065B527 /* JSON Manager.swift */,
				5817974F2C12552F0077491B /* OrientationManager.swift */,
				585906152B0DB8FF0051F3FC /* ContentView.swift */,
				581CFBB72C11714900CE1540 /* SettingsView.swift */,
				58C175052B43B5DC008F0097 /* SlideRuleView.swift */,
				58A6801F2C76926300A0E055 /* Tutorial */,
				58A680142C768ED900A0E055 /* Ruler */,
				585906172B0DB9020051F3FC /* Assets.xcassets */,
				58A680232C76954000A0E055 /* Launch Screen.storyboard */,
				585906192B0DB9020051F3FC /* Preview Content */,
			);
			path = "Slide Rule";
			sourceTree = "<group>";
		};
		585906192B0DB9020051F3FC /* Preview Content */ = {
			isa = PBXGroup;
			children = (
				5859061A2B0DB9020051F3FC /* Preview Assets.xcassets */,
			);
			path = "Preview Content";
			sourceTree = "<group>";
		};
		585906232B0DB9030051F3FC /* Slide RuleTests */ = {
			isa = PBXGroup;
			children = (
				585906242B0DB9030051F3FC /* Slide_RuleTests.swift */,
			);
			path = "Slide RuleTests";
			sourceTree = "<group>";
		};
		5859062D2B0DB9030051F3FC /* Slide RuleUITests */ = {
			isa = PBXGroup;
			children = (
				5859062E2B0DB9030051F3FC /* Slide_RuleUITests.swift */,
				585906302B0DB9030051F3FC /* Slide_RuleUITestsLaunchTests.swift */,
			);
			path = "Slide RuleUITests";
			sourceTree = "<group>";
		};
		589BC8702B0F0A200065B527 /* Extentions */ = {
			isa = PBXGroup;
			children = (
				589BC8712B0F0A3F0065B527 /* Color.swift */,
				58230FC12C61F60D005BB934 /* PlainLaTeXStyle.swift */,
				588DFE8E2C16694600576254 /* View.swift */,
				58230FC32C62EB56005BB934 /* String.swift */,
			);
			path = Extentions;
			sourceTree = "<group>";
		};
		58A680142C768ED900A0E055 /* Ruler */ = {
			isa = PBXGroup;
			children = (
				58A36A972BF3058300439007 /* RulerScaleDefinitions.swift */,
				58A680152C768EFD00A0E055 /* SlideMarkingView.swift */,
				58A680172C768FA300A0E055 /* RulerView.swift */,
				58A680192C7690DC00A0E055 /* CursorView.swift */,
				58A6801B2C7691BB00A0E055 /* SlideView.swift */,
				58A6801D2C7691F500A0E055 /* Frame.swift */,
			);
			path = Ruler;
			sourceTree = "<group>";
		};
		58A6801F2C76926300A0E055 /* Tutorial */ = {
			isa = PBXGroup;
			children = (
				589BC87A2B0F180D0065B527 /* SlideRuleInstructions.json */,
				589BC8732B0F12FE0065B527 /* HelpMenuView.swift */,
				589742302BE7527E00ADC916 /* TutorialRulerView.swift */,
				589742322BE7543E00ADC916 /* TutorialGestureView.swift */,
				58A680252C769D8F00A0E055 /* GuidesTipView.swift */,
			);
			path = Tutorial;
			sourceTree = "<group>";
		};
/* End PBXGroup section */

/* Begin PBXNativeTarget section */
		5859060F2B0DB8FF0051F3FC /* Slide Rule */ = {
			isa = PBXNativeTarget;
			buildConfigurationList = 585906342B0DB9030051F3FC /* Build configuration list for PBXNativeTarget "Slide Rule" */;
			buildPhases = (
				5859060C2B0DB8FF0051F3FC /* Sources */,
				5859060D2B0DB8FF0051F3FC /* Frameworks */,
				5859060E2B0DB8FF0051F3FC /* Resources */,
			);
			buildRules = (
			);
			dependencies = (
			);
			name = "Slide Rule";
			packageProductDependencies = (
				58A7426D2B9FE9EF00A9DA3F /* LaTeXSwiftUI */,
				589431A92BA401B9004F813B /* SwiftMath */,
			);
			productName = "Slide Rule";
			productReference = 585906102B0DB8FF0051F3FC /* Slide Rule.app */;
			productType = "com.apple.product-type.application";
		};
		5859061F2B0DB9030051F3FC /* Slide RuleTests */ = {
			isa = PBXNativeTarget;
			buildConfigurationList = 585906372B0DB9030051F3FC /* Build configuration list for PBXNativeTarget "Slide RuleTests" */;
			buildPhases = (
				5859061C2B0DB9030051F3FC /* Sources */,
				5859061D2B0DB9030051F3FC /* Frameworks */,
				5859061E2B0DB9030051F3FC /* Resources */,
			);
			buildRules = (
			);
			dependencies = (
				585906222B0DB9030051F3FC /* PBXTargetDependency */,
			);
			name = "Slide RuleTests";
			productName = "Slide RuleTests";
			productReference = 585906202B0DB9030051F3FC /* Slide RuleTests.xctest */;
			productType = "com.apple.product-type.bundle.unit-test";
		};
		585906292B0DB9030051F3FC /* Slide RuleUITests */ = {
			isa = PBXNativeTarget;
			buildConfigurationList = 5859063A2B0DB9030051F3FC /* Build configuration list for PBXNativeTarget "Slide RuleUITests" */;
			buildPhases = (
				585906262B0DB9030051F3FC /* Sources */,
				585906272B0DB9030051F3FC /* Frameworks */,
				585906282B0DB9030051F3FC /* Resources */,
			);
			buildRules = (
			);
			dependencies = (
				5859062C2B0DB9030051F3FC /* PBXTargetDependency */,
			);
			name = "Slide RuleUITests";
			productName = "Slide RuleUITests";
			productReference = 5859062A2B0DB9030051F3FC /* Slide RuleUITests.xctest */;
			productType = "com.apple.product-type.bundle.ui-testing";
		};
/* End PBXNativeTarget section */

/* Begin PBXProject section */
		585906082B0DB8FF0051F3FC /* Project object */ = {
			isa = PBXProject;
			attributes = {
				BuildIndependentTargetsInParallel = 1;
				LastSwiftUpdateCheck = 1500;
				LastUpgradeCheck = 1500;
				TargetAttributes = {
					5859060F2B0DB8FF0051F3FC = {
						CreatedOnToolsVersion = 15.0.1;
					};
					5859061F2B0DB9030051F3FC = {
						CreatedOnToolsVersion = 15.0.1;
						TestTargetID = 5859060F2B0DB8FF0051F3FC;
					};
					585906292B0DB9030051F3FC = {
						CreatedOnToolsVersion = 15.0.1;
						TestTargetID = 5859060F2B0DB8FF0051F3FC;
					};
				};
			};
			buildConfigurationList = 5859060B2B0DB8FF0051F3FC /* Build configuration list for PBXProject "Slide Rule" */;
			compatibilityVersion = "Xcode 14.0";
			developmentRegion = en;
			hasScannedForEncodings = 0;
			knownRegions = (
				en,
				Base,
			);
			mainGroup = 585906072B0DB8FF0051F3FC;
			packageReferences = (
				58A7426C2B9FE9EF00A9DA3F /* XCRemoteSwiftPackageReference "LaTeXSwiftUI" */,
				589431A82BA401B9004F813B /* XCRemoteSwiftPackageReference "SwiftMath" */,
				584CC5612C561F8F0058AF7F /* XCRemoteSwiftPackageReference "SVGKit" */,
			);
			productRefGroup = 585906112B0DB8FF0051F3FC /* Products */;
			projectDirPath = "";
			projectRoot = "";
			targets = (
				5859060F2B0DB8FF0051F3FC /* Slide Rule */,
				5859061F2B0DB9030051F3FC /* Slide RuleTests */,
				585906292B0DB9030051F3FC /* Slide RuleUITests */,
			);
		};
/* End PBXProject section */

/* Begin PBXResourcesBuildPhase section */
		5859060E2B0DB8FF0051F3FC /* Resources */ = {
			isa = PBXResourcesBuildPhase;
			buildActionMask = 2147483647;
			files = (
				589BC87B2B0F180D0065B527 /* SlideRuleInstructions.json in Resources */,
				5859061B2B0DB9020051F3FC /* Preview Assets.xcassets in Resources */,
				58A680242C76954000A0E055 /* Launch Screen.storyboard in Resources */,
				585906182B0DB9020051F3FC /* Assets.xcassets in Resources */,
			);
			runOnlyForDeploymentPostprocessing = 0;
		};
		5859061E2B0DB9030051F3FC /* Resources */ = {
			isa = PBXResourcesBuildPhase;
			buildActionMask = 2147483647;
			files = (
			);
			runOnlyForDeploymentPostprocessing = 0;
		};
		585906282B0DB9030051F3FC /* Resources */ = {
			isa = PBXResourcesBuildPhase;
			buildActionMask = 2147483647;
			files = (
			);
			runOnlyForDeploymentPostprocessing = 0;
		};
/* End PBXResourcesBuildPhase section */

/* Begin PBXSourcesBuildPhase section */
		5859060C2B0DB8FF0051F3FC /* Sources */ = {
			isa = PBXSourcesBuildPhase;
			buildActionMask = 2147483647;
			files = (
				58A6801E2C7691F500A0E055 /* Frame.swift in Sources */,
				58C175062B43B5DC008F0097 /* SlideRuleView.swift in Sources */,
				589742312BE7527E00ADC916 /* TutorialRulerView.swift in Sources */,
				58A680162C768EFD00A0E055 /* SlideMarkingView.swift in Sources */,
				589742332BE7543E00ADC916 /* TutorialGestureView.swift in Sources */,
				585906162B0DB8FF0051F3FC /* ContentView.swift in Sources */,
				58230FC42C62EB56005BB934 /* String.swift in Sources */,
				58A6801C2C7691BB00A0E055 /* SlideView.swift in Sources */,
				58230FC22C61F60D005BB934 /* PlainLaTeXStyle.swift in Sources */,
				589BC8782B0F150A0065B527 /* JSON Manager.swift in Sources */,
				581CFBB82C11714900CE1540 /* SettingsView.swift in Sources */,
				585906142B0DB8FF0051F3FC /* Slide_RuleApp.swift in Sources */,
				589BC8722B0F0A3F0065B527 /* Color.swift in Sources */,
				588DFE8F2C16694600576254 /* View.swift in Sources */,
				58A36A982BF3058300439007 /* RulerScaleDefinitions.swift in Sources */,
				581797502C12552F0077491B /* OrientationManager.swift in Sources */,
				589BC8742B0F12FE0065B527 /* HelpMenuView.swift in Sources */,
				58A680182C768FA300A0E055 /* RulerView.swift in Sources */,
				58A6801A2C7690DC00A0E055 /* CursorView.swift in Sources */,
				58A680262C769D8F00A0E055 /* GuidesTipView.swift in Sources */,
			);
			runOnlyForDeploymentPostprocessing = 0;
		};
		5859061C2B0DB9030051F3FC /* Sources */ = {
			isa = PBXSourcesBuildPhase;
			buildActionMask = 2147483647;
			files = (
				585906252B0DB9030051F3FC /* Slide_RuleTests.swift in Sources */,
			);
			runOnlyForDeploymentPostprocessing = 0;
		};
		585906262B0DB9030051F3FC /* Sources */ = {
			isa = PBXSourcesBuildPhase;
			buildActionMask = 2147483647;
			files = (
				585906312B0DB9030051F3FC /* Slide_RuleUITestsLaunchTests.swift in Sources */,
				5859062F2B0DB9030051F3FC /* Slide_RuleUITests.swift in Sources */,
			);
			runOnlyForDeploymentPostprocessing = 0;
		};
/* End PBXSourcesBuildPhase section */

/* Begin PBXTargetDependency section */
		585906222B0DB9030051F3FC /* PBXTargetDependency */ = {
			isa = PBXTargetDependency;
			target = 5859060F2B0DB8FF0051F3FC /* Slide Rule */;
			targetProxy = 585906212B0DB9030051F3FC /* PBXContainerItemProxy */;
		};
		5859062C2B0DB9030051F3FC /* PBXTargetDependency */ = {
			isa = PBXTargetDependency;
			target = 5859060F2B0DB8FF0051F3FC /* Slide Rule */;
			targetProxy = 5859062B2B0DB9030051F3FC /* PBXContainerItemProxy */;
		};
/* End PBXTargetDependency section */

/* Begin XCBuildConfiguration section */
		585906322B0DB9030051F3FC /* Debug */ = {
			isa = XCBuildConfiguration;
			buildSettings = {
				ALWAYS_SEARCH_USER_PATHS = NO;
				ASSETCATALOG_COMPILER_GENERATE_SWIFT_ASSET_SYMBOL_EXTENSIONS = YES;
				CLANG_ANALYZER_NONNULL = YES;
				CLANG_ANALYZER_NUMBER_OBJECT_CONVERSION = YES_AGGRESSIVE;
				CLANG_CXX_LANGUAGE_STANDARD = "gnu++20";
				CLANG_ENABLE_MODULES = YES;
				CLANG_ENABLE_OBJC_ARC = YES;
				CLANG_ENABLE_OBJC_WEAK = YES;
				CLANG_WARN_BLOCK_CAPTURE_AUTORELEASING = YES;
				CLANG_WARN_BOOL_CONVERSION = YES;
				CLANG_WARN_COMMA = YES;
				CLANG_WARN_CONSTANT_CONVERSION = YES;
				CLANG_WARN_DEPRECATED_OBJC_IMPLEMENTATIONS = YES;
				CLANG_WARN_DIRECT_OBJC_ISA_USAGE = YES_ERROR;
				CLANG_WARN_DOCUMENTATION_COMMENTS = YES;
				CLANG_WARN_EMPTY_BODY = YES;
				CLANG_WARN_ENUM_CONVERSION = YES;
				CLANG_WARN_INFINITE_RECURSION = YES;
				CLANG_WARN_INT_CONVERSION = YES;
				CLANG_WARN_NON_LITERAL_NULL_CONVERSION = YES;
				CLANG_WARN_OBJC_IMPLICIT_RETAIN_SELF = YES;
				CLANG_WARN_OBJC_LITERAL_CONVERSION = YES;
				CLANG_WARN_OBJC_ROOT_CLASS = YES_ERROR;
				CLANG_WARN_QUOTED_INCLUDE_IN_FRAMEWORK_HEADER = YES;
				CLANG_WARN_RANGE_LOOP_ANALYSIS = YES;
				CLANG_WARN_STRICT_PROTOTYPES = YES;
				CLANG_WARN_SUSPICIOUS_MOVE = YES;
				CLANG_WARN_UNGUARDED_AVAILABILITY = YES_AGGRESSIVE;
				CLANG_WARN_UNREACHABLE_CODE = YES;
				CLANG_WARN__DUPLICATE_METHOD_MATCH = YES;
				COPY_PHASE_STRIP = NO;
				DEBUG_INFORMATION_FORMAT = dwarf;
				ENABLE_STRICT_OBJC_MSGSEND = YES;
				ENABLE_TESTABILITY = YES;
				ENABLE_USER_SCRIPT_SANDBOXING = YES;
				GCC_C_LANGUAGE_STANDARD = gnu17;
				GCC_DYNAMIC_NO_PIC = NO;
				GCC_NO_COMMON_BLOCKS = YES;
				GCC_OPTIMIZATION_LEVEL = 0;
				GCC_PREPROCESSOR_DEFINITIONS = (
					"DEBUG=1",
					"$(inherited)",
				);
				GCC_WARN_64_TO_32_BIT_CONVERSION = YES;
				GCC_WARN_ABOUT_RETURN_TYPE = YES_ERROR;
				GCC_WARN_UNDECLARED_SELECTOR = YES;
				GCC_WARN_UNINITIALIZED_AUTOS = YES_AGGRESSIVE;
				GCC_WARN_UNUSED_FUNCTION = YES;
				GCC_WARN_UNUSED_VARIABLE = YES;
				IPHONEOS_DEPLOYMENT_TARGET = 17.0;
				LOCALIZATION_PREFERS_STRING_CATALOGS = YES;
				MTL_ENABLE_DEBUG_INFO = INCLUDE_SOURCE;
				MTL_FAST_MATH = YES;
				ONLY_ACTIVE_ARCH = YES;
				SDKROOT = iphoneos;
				SWIFT_ACTIVE_COMPILATION_CONDITIONS = "DEBUG $(inherited)";
				SWIFT_OPTIMIZATION_LEVEL = "-Onone";
			};
			name = Debug;
		};
		585906332B0DB9030051F3FC /* Release */ = {
			isa = XCBuildConfiguration;
			buildSettings = {
				ALWAYS_SEARCH_USER_PATHS = NO;
				ASSETCATALOG_COMPILER_GENERATE_SWIFT_ASSET_SYMBOL_EXTENSIONS = YES;
				CLANG_ANALYZER_NONNULL = YES;
				CLANG_ANALYZER_NUMBER_OBJECT_CONVERSION = YES_AGGRESSIVE;
				CLANG_CXX_LANGUAGE_STANDARD = "gnu++20";
				CLANG_ENABLE_MODULES = YES;
				CLANG_ENABLE_OBJC_ARC = YES;
				CLANG_ENABLE_OBJC_WEAK = YES;
				CLANG_WARN_BLOCK_CAPTURE_AUTORELEASING = YES;
				CLANG_WARN_BOOL_CONVERSION = YES;
				CLANG_WARN_COMMA = YES;
				CLANG_WARN_CONSTANT_CONVERSION = YES;
				CLANG_WARN_DEPRECATED_OBJC_IMPLEMENTATIONS = YES;
				CLANG_WARN_DIRECT_OBJC_ISA_USAGE = YES_ERROR;
				CLANG_WARN_DOCUMENTATION_COMMENTS = YES;
				CLANG_WARN_EMPTY_BODY = YES;
				CLANG_WARN_ENUM_CONVERSION = YES;
				CLANG_WARN_INFINITE_RECURSION = YES;
				CLANG_WARN_INT_CONVERSION = YES;
				CLANG_WARN_NON_LITERAL_NULL_CONVERSION = YES;
				CLANG_WARN_OBJC_IMPLICIT_RETAIN_SELF = YES;
				CLANG_WARN_OBJC_LITERAL_CONVERSION = YES;
				CLANG_WARN_OBJC_ROOT_CLASS = YES_ERROR;
				CLANG_WARN_QUOTED_INCLUDE_IN_FRAMEWORK_HEADER = YES;
				CLANG_WARN_RANGE_LOOP_ANALYSIS = YES;
				CLANG_WARN_STRICT_PROTOTYPES = YES;
				CLANG_WARN_SUSPICIOUS_MOVE = YES;
				CLANG_WARN_UNGUARDED_AVAILABILITY = YES_AGGRESSIVE;
				CLANG_WARN_UNREACHABLE_CODE = YES;
				CLANG_WARN__DUPLICATE_METHOD_MATCH = YES;
				COPY_PHASE_STRIP = NO;
				DEBUG_INFORMATION_FORMAT = "dwarf-with-dsym";
				ENABLE_NS_ASSERTIONS = NO;
				ENABLE_STRICT_OBJC_MSGSEND = YES;
				ENABLE_USER_SCRIPT_SANDBOXING = YES;
				GCC_C_LANGUAGE_STANDARD = gnu17;
				GCC_NO_COMMON_BLOCKS = YES;
				GCC_WARN_64_TO_32_BIT_CONVERSION = YES;
				GCC_WARN_ABOUT_RETURN_TYPE = YES_ERROR;
				GCC_WARN_UNDECLARED_SELECTOR = YES;
				GCC_WARN_UNINITIALIZED_AUTOS = YES_AGGRESSIVE;
				GCC_WARN_UNUSED_FUNCTION = YES;
				GCC_WARN_UNUSED_VARIABLE = YES;
				IPHONEOS_DEPLOYMENT_TARGET = 17.0;
				LOCALIZATION_PREFERS_STRING_CATALOGS = YES;
				MTL_ENABLE_DEBUG_INFO = NO;
				MTL_FAST_MATH = YES;
				SDKROOT = iphoneos;
				SWIFT_COMPILATION_MODE = wholemodule;
				VALIDATE_PRODUCT = YES;
			};
			name = Release;
		};
		585906352B0DB9030051F3FC /* Debug */ = {
			isa = XCBuildConfiguration;
			buildSettings = {
				ASSETCATALOG_COMPILER_APPICON_NAME = AppIcon;
				ASSETCATALOG_COMPILER_GLOBAL_ACCENT_COLOR_NAME = AccentColor;
				CODE_SIGN_STYLE = Automatic;
				CURRENT_PROJECT_VERSION = 1;
				DEVELOPMENT_ASSET_PATHS = "\"Slide Rule/Preview Content\"";
				DEVELOPMENT_TEAM = 98W89M76W8;
				ENABLE_PREVIEWS = YES;
				GENERATE_INFOPLIST_FILE = YES;
				INFOPLIST_FILE = "Slide-Rule-Info.plist";
				INFOPLIST_KEY_CFBundleDisplayName = "Slide Rule";
				INFOPLIST_KEY_UIApplicationSceneManifest_Generation = YES;
				INFOPLIST_KEY_UIApplicationSupportsIndirectInputEvents = YES;
				INFOPLIST_KEY_UILaunchStoryboardName = "Launch Screen.storyboard";
				INFOPLIST_KEY_UISupportedInterfaceOrientations = "UIInterfaceOrientationLandscapeLeft UIInterfaceOrientationLandscapeRight";
				INFOPLIST_KEY_UISupportedInterfaceOrientations_iPad = "UIInterfaceOrientationLandscapeLeft UIInterfaceOrientationLandscapeRight UIInterfaceOrientationPortrait UIInterfaceOrientationPortraitUpsideDown";
				IPHONEOS_DEPLOYMENT_TARGET = 17.0;
				LD_RUNPATH_SEARCH_PATHS = (
					"$(inherited)",
					"@executable_path/Frameworks",
				);
				MARKETING_VERSION = 1.0;
				PRODUCT_BUNDLE_IDENTIFIER = "RedPug.Slide-Rule";
				PRODUCT_NAME = "$(TARGET_NAME)";
				SUPPORTED_PLATFORMS = "iphoneos iphonesimulator";
				SUPPORTS_MACCATALYST = NO;
				SUPPORTS_MAC_DESIGNED_FOR_IPHONE_IPAD = NO;
				SWIFT_EMIT_LOC_STRINGS = YES;
				SWIFT_VERSION = 5.0;
				TARGETED_DEVICE_FAMILY = 1;
			};
			name = Debug;
		};
		585906362B0DB9030051F3FC /* Release */ = {
			isa = XCBuildConfiguration;
			buildSettings = {
				ASSETCATALOG_COMPILER_APPICON_NAME = AppIcon;
				ASSETCATALOG_COMPILER_GLOBAL_ACCENT_COLOR_NAME = AccentColor;
				CODE_SIGN_STYLE = Automatic;
				CURRENT_PROJECT_VERSION = 1;
				DEVELOPMENT_ASSET_PATHS = "\"Slide Rule/Preview Content\"";
				DEVELOPMENT_TEAM = 98W89M76W8;
				ENABLE_PREVIEWS = YES;
				GENERATE_INFOPLIST_FILE = YES;
				INFOPLIST_FILE = "Slide-Rule-Info.plist";
				INFOPLIST_KEY_CFBundleDisplayName = "Slide Rule";
				INFOPLIST_KEY_UIApplicationSceneManifest_Generation = YES;
				INFOPLIST_KEY_UIApplicationSupportsIndirectInputEvents = YES;
				INFOPLIST_KEY_UILaunchStoryboardName = "Launch Screen.storyboard";
				INFOPLIST_KEY_UISupportedInterfaceOrientations = "UIInterfaceOrientationLandscapeLeft UIInterfaceOrientationLandscapeRight";
				INFOPLIST_KEY_UISupportedInterfaceOrientations_iPad = "UIInterfaceOrientationLandscapeLeft UIInterfaceOrientationLandscapeRight UIInterfaceOrientationPortrait UIInterfaceOrientationPortraitUpsideDown";
				IPHONEOS_DEPLOYMENT_TARGET = 17.0;
				LD_RUNPATH_SEARCH_PATHS = (
					"$(inherited)",
					"@executable_path/Frameworks",
				);
				MARKETING_VERSION = 1.0;
				PRODUCT_BUNDLE_IDENTIFIER = "RedPug.Slide-Rule";
				PRODUCT_NAME = "$(TARGET_NAME)";
				SUPPORTED_PLATFORMS = "iphoneos iphonesimulator";
				SUPPORTS_MACCATALYST = NO;
				SUPPORTS_MAC_DESIGNED_FOR_IPHONE_IPAD = NO;
				SWIFT_EMIT_LOC_STRINGS = YES;
				SWIFT_VERSION = 5.0;
				TARGETED_DEVICE_FAMILY = 1;
			};
			name = Release;
		};
		585906382B0DB9030051F3FC /* Debug */ = {
			isa = XCBuildConfiguration;
			buildSettings = {
				ALWAYS_EMBED_SWIFT_STANDARD_LIBRARIES = YES;
				BUNDLE_LOADER = "$(TEST_HOST)";
				CODE_SIGN_STYLE = Automatic;
				CURRENT_PROJECT_VERSION = 1;
				GENERATE_INFOPLIST_FILE = YES;
				IPHONEOS_DEPLOYMENT_TARGET = 17.0;
				MARKETING_VERSION = 1.0;
				PRODUCT_BUNDLE_IDENTIFIER = "RedPug.Slide-RuleTests";
				PRODUCT_NAME = "$(TARGET_NAME)";
				SWIFT_EMIT_LOC_STRINGS = NO;
				SWIFT_VERSION = 5.0;
				TARGETED_DEVICE_FAMILY = "1,2";
				TEST_HOST = "$(BUILT_PRODUCTS_DIR)/Slide Rule.app/$(BUNDLE_EXECUTABLE_FOLDER_PATH)/Slide Rule";
			};
			name = Debug;
		};
		585906392B0DB9030051F3FC /* Release */ = {
			isa = XCBuildConfiguration;
			buildSettings = {
				ALWAYS_EMBED_SWIFT_STANDARD_LIBRARIES = YES;
				BUNDLE_LOADER = "$(TEST_HOST)";
				CODE_SIGN_STYLE = Automatic;
				CURRENT_PROJECT_VERSION = 1;
				GENERATE_INFOPLIST_FILE = YES;
				IPHONEOS_DEPLOYMENT_TARGET = 17.0;
				MARKETING_VERSION = 1.0;
				PRODUCT_BUNDLE_IDENTIFIER = "RedPug.Slide-RuleTests";
				PRODUCT_NAME = "$(TARGET_NAME)";
				SWIFT_EMIT_LOC_STRINGS = NO;
				SWIFT_VERSION = 5.0;
				TARGETED_DEVICE_FAMILY = "1,2";
				TEST_HOST = "$(BUILT_PRODUCTS_DIR)/Slide Rule.app/$(BUNDLE_EXECUTABLE_FOLDER_PATH)/Slide Rule";
			};
			name = Release;
		};
		5859063B2B0DB9030051F3FC /* Debug */ = {
			isa = XCBuildConfiguration;
			buildSettings = {
				ALWAYS_EMBED_SWIFT_STANDARD_LIBRARIES = YES;
				CODE_SIGN_STYLE = Automatic;
				CURRENT_PROJECT_VERSION = 1;
				GENERATE_INFOPLIST_FILE = YES;
				MARKETING_VERSION = 1.0;
				PRODUCT_BUNDLE_IDENTIFIER = "RedPug.Slide-RuleUITests";
				PRODUCT_NAME = "$(TARGET_NAME)";
				SWIFT_EMIT_LOC_STRINGS = NO;
				SWIFT_VERSION = 5.0;
				TARGETED_DEVICE_FAMILY = "1,2";
				TEST_TARGET_NAME = "Slide Rule";
			};
			name = Debug;
		};
		5859063C2B0DB9030051F3FC /* Release */ = {
			isa = XCBuildConfiguration;
			buildSettings = {
				ALWAYS_EMBED_SWIFT_STANDARD_LIBRARIES = YES;
				CODE_SIGN_STYLE = Automatic;
				CURRENT_PROJECT_VERSION = 1;
				GENERATE_INFOPLIST_FILE = YES;
				MARKETING_VERSION = 1.0;
				PRODUCT_BUNDLE_IDENTIFIER = "RedPug.Slide-RuleUITests";
				PRODUCT_NAME = "$(TARGET_NAME)";
				SWIFT_EMIT_LOC_STRINGS = NO;
				SWIFT_VERSION = 5.0;
				TARGETED_DEVICE_FAMILY = "1,2";
				TEST_TARGET_NAME = "Slide Rule";
			};
			name = Release;
		};
/* End XCBuildConfiguration section */

/* Begin XCConfigurationList section */
		5859060B2B0DB8FF0051F3FC /* Build configuration list for PBXProject "Slide Rule" */ = {
			isa = XCConfigurationList;
			buildConfigurations = (
				585906322B0DB9030051F3FC /* Debug */,
				585906332B0DB9030051F3FC /* Release */,
			);
			defaultConfigurationIsVisible = 0;
			defaultConfigurationName = Release;
		};
		585906342B0DB9030051F3FC /* Build configuration list for PBXNativeTarget "Slide Rule" */ = {
			isa = XCConfigurationList;
			buildConfigurations = (
				585906352B0DB9030051F3FC /* Debug */,
				585906362B0DB9030051F3FC /* Release */,
			);
			defaultConfigurationIsVisible = 0;
			defaultConfigurationName = Release;
		};
		585906372B0DB9030051F3FC /* Build configuration list for PBXNativeTarget "Slide RuleTests" */ = {
			isa = XCConfigurationList;
			buildConfigurations = (
				585906382B0DB9030051F3FC /* Debug */,
				585906392B0DB9030051F3FC /* Release */,
			);
			defaultConfigurationIsVisible = 0;
			defaultConfigurationName = Release;
		};
		5859063A2B0DB9030051F3FC /* Build configuration list for PBXNativeTarget "Slide RuleUITests" */ = {
			isa = XCConfigurationList;
			buildConfigurations = (
				5859063B2B0DB9030051F3FC /* Debug */,
				5859063C2B0DB9030051F3FC /* Release */,
			);
			defaultConfigurationIsVisible = 0;
			defaultConfigurationName = Release;
		};
/* End XCConfigurationList section */

/* Begin XCRemoteSwiftPackageReference section */
		584CC5612C561F8F0058AF7F /* XCRemoteSwiftPackageReference "SVGKit" */ = {
			isa = XCRemoteSwiftPackageReference;
			repositoryURL = "https://github.com/SVGKit/SVGKit.git";
			requirement = {
				kind = upToNextMajorVersion;
				minimumVersion = 3.0.0;
			};
		};
		589431A82BA401B9004F813B /* XCRemoteSwiftPackageReference "SwiftMath" */ = {
			isa = XCRemoteSwiftPackageReference;
			repositoryURL = "https://github.com/mgriebling/SwiftMath.git";
			requirement = {
				kind = upToNextMajorVersion;
				minimumVersion = 1.4.0;
			};
		};
		58A7426C2B9FE9EF00A9DA3F /* XCRemoteSwiftPackageReference "LaTeXSwiftUI" */ = {
			isa = XCRemoteSwiftPackageReference;
			repositoryURL = "https://github.com/colinc86/LaTeXSwiftUI";
			requirement = {
				branch = main;
				kind = branch;
			};
		};
/* End XCRemoteSwiftPackageReference section */

/* Begin XCSwiftPackageProductDependency section */
		589431A92BA401B9004F813B /* SwiftMath */ = {
			isa = XCSwiftPackageProductDependency;
			package = 589431A82BA401B9004F813B /* XCRemoteSwiftPackageReference "SwiftMath" */;
			productName = SwiftMath;
		};
		58A7426D2B9FE9EF00A9DA3F /* LaTeXSwiftUI */ = {
			isa = XCSwiftPackageProductDependency;
			package = 58A7426C2B9FE9EF00A9DA3F /* XCRemoteSwiftPackageReference "LaTeXSwiftUI" */;
			productName = LaTeXSwiftUI;
		};
/* End XCSwiftPackageProductDependency section */
	};
	rootObject = 585906082B0DB8FF0051F3FC /* Project object */;
}
